
Microsoft Visual Studio Solution File, Format Version 12.00
# Visual Studio Version 17
VisualStudioVersion = 17.4.33213.308
MinimumVisualStudioVersion = 10.0.40219.1
Project("{9A19103F-16F7-4668-BE54-9A1E7A4F7556}") = "TopLevelProgram", "TopLevelProgram\TopLevelProgram.csproj", "{F22964B7-B6A7-47AA-89CB-81AC52602BDD}"
EndProject
Project("{9A19103F-16F7-4668-BE54-9A1E7A4F7556}") = "Exercise03", "Exercise03\Exercise03.csproj", "{4291CD09-1EA6-4FD0-94C8-30917D023EC2}"
EndProject
Project("{9A19103F-16F7-4668-BE54-9A1E7A4F7556}") = "Module3", "Module3\Module3.csproj", "{F3F67CCC-F093-4CFF-81E8-1F433B4F0F17}"
EndProject
Project("{9A19103F-16F7-4668-BE54-9A1E7A4F7556}") = "Instrumenting", "Instrumenting\Instrumenting.csproj", "{0807AAA1-78BE-4138-87AD-AE3FBED1B0AF}"
EndProject
Project("{9A19103F-16F7-4668-BE54-9A1E7A4F7556}") = "ClassLibrary", "ClassLibrary\ClassLibrary.csproj", "{93A7F827-AD4B-4403-9A94-0B13DCD1379B}"
EndProject
Project("{9A19103F-16F7-4668-BE54-9A1E7A4F7556}") = "Module5", "Module5\Module5.csproj", "{83CBA4DD-0810-4A7F-B496-BC23F1F0A96E}"
EndProject
Project("{9A19103F-16F7-4668-BE54-9A1E7A4F7556}") = "PacktLibraryModern", "PacktLibraryModern\PacktLibraryModern.csproj", "{F58F12D6-A604-46AB-8926-C4C03FDD80D5}"
EndProject
Project("{2150E333-8FDC-42A3-9474-1A3956D46DE8}") = "Module_5", "Module_5", "{EE1DB06F-4C88-42A5-AD3A-BF58D10CA0AA}"
EndProject
Project("{2150E333-8FDC-42A3-9474-1A3956D46DE8}") = "Module_6", "Module_6", "{AADB702E-92FF-4A61-B7E2-BD210BE759C2}"
EndProject
Project("{9A19103F-16F7-4668-BE54-9A1E7A4F7556}") = "Chapter06", "Chapter06\Chapter06.csproj", "{56504CC6-94A4-4C03-BC57-5A7044EBB32E}"
EndProject
Project("{9A19103F-16F7-4668-BE54-9A1E7A4F7556}") = "Chapter06_Project", "Chapter06_Project\Chapter06_Project.csproj", "{A83BC6A9-F523-4E8F-80F0-E847975768D8}"
EndProject
Project("{2150E333-8FDC-42A3-9474-1A3956D46DE8}") = "Module_8", "Module_8", "{BE141C4C-92BD-4984-BC4F-244D9B500DAA}"
EndProject
Project("{9A19103F-16F7-4668-BE54-9A1E7A4F7556}") = "Chapter08", "Chapter08\Chapter08.csproj", "{E1FAA52E-C069-4975-A284-BA5B880B3C75}"
EndProject
Project("{9A19103F-16F7-4668-BE54-9A1E7A4F7556}") = "WorkingWithCollections", "WorkingWithCollections\WorkingWithCollections.csproj", "{EFA1D350-0AB6-438F-BD10-C804D1642A1E}"
EndProject
Project("{9A19103F-16F7-4668-BE54-9A1E7A4F7556}") = "WorkingWithReflection", "WorkingWithReflection\WorkingWithReflection.csproj", "{5D40BB34-50B9-49BA-AD14-90C7624886B3}"
EndProject
Project("{9A19103F-16F7-4668-BE54-9A1E7A4F7556}") = "Internationalization", "Internationalization\Internationalization.csproj", "{910DB7D7-1BBB-43C3-899F-DA937FCC2662}"
EndProject
Project("{9A19103F-16F7-4668-BE54-9A1E7A4F7556}") = "Exercise2", "Exercise2\Exercise2.csproj", "{BE4F42CD-BD43-4085-9E84-5DF0D4FB5527}"
EndProject
Project("{2150E333-8FDC-42A3-9474-1A3956D46DE8}") = "Module_9", "Module_9", "{9878988E-8962-4697-ADD5-1A32B21A030E}"
EndProject
Project("{9A19103F-16F7-4668-BE54-9A1E7A4F7556}") = "WorkingWithFileSystems", "WorkingWithFileSystems\WorkingWithFileSystems.csproj", "{324817CE-4ECD-4D9E-88B4-343FF6003233}"
EndProject
Project("{9A19103F-16F7-4668-BE54-9A1E7A4F7556}") = "WorkingWithStreams", "WorkingWithStreams\WorkingWithStreams.csproj", "{8056ABC0-47D1-4D6A-B031-A57B87CF4D32}"
EndProject
Project("{9A19103F-16F7-4668-BE54-9A1E7A4F7556}") = "WorkingWithEncodings", "WorkingWithEncodings\WorkingWithEncodings.csproj", "{1B56771B-F601-49A2-B1CF-677F186FEC7C}"
EndProject
Project("{9A19103F-16F7-4668-BE54-9A1E7A4F7556}") = "WorkingWithSerialization", "WorkingWithSerialization\WorkingWithSerialization.csproj", "{9DE3650E-541B-4D87-AC4D-B5DB86843ABD}"
EndProject
Project("{9A19103F-16F7-4668-BE54-9A1E7A4F7556}") = "ConsoleApp1", "ConsoleApp1\ConsoleApp1.csproj", "{B9C44B75-EFBE-4A31-9804-DBF304072226}"
EndProject
Project("{2150E333-8FDC-42A3-9474-1A3956D46DE8}") = "Module_10", "Module_10", "{10A19F0C-AE1E-4380-8F40-E1CAEAA72632}"
EndProject
Project("{FAE04EC0-301F-11D3-BF4B-00C04F79EFBC}") = "WorkingWithEFCore", "WorkingWithEFCore\WorkingWithEFCore.csproj", "{A7E00C6D-A538-488C-BBDC-3841936742E5}"
EndProject
Project("{FAE04EC0-301F-11D3-BF4B-00C04F79EFBC}") = "CoursesAndStudents", "CoursesAndStudents\CoursesAndStudents.csproj", "{D58E568C-585A-4918-A6F0-9EEB9C1162C7}"
EndProject
Project("{2150E333-8FDC-42A3-9474-1A3956D46DE8}") = "Module_11", "Module_11", "{B459FD88-72F9-42CD-B566-EE731D818192}"
EndProject
Project("{FAE04EC0-301F-11D3-BF4B-00C04F79EFBC}") = "Chapter11", "Chapter11\Chapter11.csproj", "{D7B04F5F-1903-4B7E-A0E7-C8F686573997}"
EndProject
Project("{FAE04EC0-301F-11D3-BF4B-00C04F79EFBC}") = "LinqWithSets", "LinqWithSets\LinqWithSets.csproj", "{A56A6633-3D7A-4BB2-8E0D-D981445D54CC}"
EndProject
Project("{FAE04EC0-301F-11D3-BF4B-00C04F79EFBC}") = "LinqWithEFCore", "LinqWithEFCore\LinqWithEFCore.csproj", "{7E1CB7D9-F644-4706-87DE-7A43A0B33C0E}"
EndProject
Project("{FAE04EC0-301F-11D3-BF4B-00C04F79EFBC}") = "LinqInParallel", "LinqInParallel\LinqInParallel.csproj", "{649E75BC-3C73-44A6-9E10-827E3D843E82}"
EndProject
Project("{2150E333-8FDC-42A3-9474-1A3956D46DE8}") = "Module_12", "Module_12", "{F4BAB8CA-6314-49FB-873A-6BA1950866B1}"
EndProject
Project("{FAE04EC0-301F-11D3-BF4B-00C04F79EFBC}") = "MonitoringLib", "MonitoringLib\MonitoringLib.csproj", "{187E8528-9F4B-40FF-BC80-3FDD4C9C48DE}"
EndProject
Project("{FAE04EC0-301F-11D3-BF4B-00C04F79EFBC}") = "MonitoringApp", "MonitoringApp\MonitoringApp.csproj", "{6AA75382-3C86-43F6-913F-5A6EBD5D7446}"
EndProject
Project("{FAE04EC0-301F-11D3-BF4B-00C04F79EFBC}") = "Benchmarking", "Benchmarking\Benchmarking.csproj", "{AAC8FE06-230E-4FB4-8BEA-8BA706E55B3B}"
EndProject
Project("{FAE04EC0-301F-11D3-BF4B-00C04F79EFBC}") = "WorkingWithTasks", "WorkingWithTasks\WorkingWithTasks.csproj", "{03B06198-50C7-40D4-90B3-4DD79776AA9D}"
EndProject
Project("{FAE04EC0-301F-11D3-BF4B-00C04F79EFBC}") = "NestedAndChildTasks", "NestedAndChildTasks\NestedAndChildTasks.csproj", "{4AEEEC58-58A2-4668-8835-3D963148B3F9}"
EndProject
Project("{FAE04EC0-301F-11D3-BF4B-00C04F79EFBC}") = "SynchronizingResourceAccess", "SynchronizingResourceAccess\SynchronizingResourceAccess.csproj", "{1C841D56-A832-464D-BCEF-C14FB21B1A64}"
EndProject
Project("{FAE04EC0-301F-11D3-BF4B-00C04F79EFBC}") = "AsyncConsole", "AsyncConsole\AsyncConsole.csproj", "{AE40D58D-708C-47E6-B37E-9C16DF457DC5}"
EndProject
Project("{FAE04EC0-301F-11D3-BF4B-00C04F79EFBC}") = "WpfApp1", "WpfApp1\WpfApp1.csproj", "{90EA0618-DBF3-45F2-A6FB-D3D206F52EE6}"
EndProject
Project("{FAE04EC0-301F-11D3-BF4B-00C04F79EFBC}") = "AsyncEnumerable", "AsyncEnumerable\AsyncEnumerable.csproj", "{82DBF9AC-AC4A-4681-8E99-24B95FFBCC0B}"
EndProject
Global
	GlobalSection(SolutionConfigurationPlatforms) = preSolution
		Debug|Any CPU = Debug|Any CPU
		Release|Any CPU = Release|Any CPU
	EndGlobalSection
	GlobalSection(ProjectConfigurationPlatforms) = postSolution
		{F22964B7-B6A7-47AA-89CB-81AC52602BDD}.Debug|Any CPU.ActiveCfg = Debug|Any CPU
		{F22964B7-B6A7-47AA-89CB-81AC52602BDD}.Debug|Any CPU.Build.0 = Debug|Any CPU
		{F22964B7-B6A7-47AA-89CB-81AC52602BDD}.Release|Any CPU.ActiveCfg = Release|Any CPU
		{F22964B7-B6A7-47AA-89CB-81AC52602BDD}.Release|Any CPU.Build.0 = Release|Any CPU
		{4291CD09-1EA6-4FD0-94C8-30917D023EC2}.Debug|Any CPU.ActiveCfg = Debug|Any CPU
		{4291CD09-1EA6-4FD0-94C8-30917D023EC2}.Debug|Any CPU.Build.0 = Debug|Any CPU
		{4291CD09-1EA6-4FD0-94C8-30917D023EC2}.Release|Any CPU.ActiveCfg = Release|Any CPU
		{4291CD09-1EA6-4FD0-94C8-30917D023EC2}.Release|Any CPU.Build.0 = Release|Any CPU
		{F3F67CCC-F093-4CFF-81E8-1F433B4F0F17}.Debug|Any CPU.ActiveCfg = Debug|Any CPU
		{F3F67CCC-F093-4CFF-81E8-1F433B4F0F17}.Debug|Any CPU.Build.0 = Debug|Any CPU
		{F3F67CCC-F093-4CFF-81E8-1F433B4F0F17}.Release|Any CPU.ActiveCfg = Release|Any CPU
		{F3F67CCC-F093-4CFF-81E8-1F433B4F0F17}.Release|Any CPU.Build.0 = Release|Any CPU
		{0807AAA1-78BE-4138-87AD-AE3FBED1B0AF}.Debug|Any CPU.ActiveCfg = Debug|Any CPU
		{0807AAA1-78BE-4138-87AD-AE3FBED1B0AF}.Debug|Any CPU.Build.0 = Debug|Any CPU
		{0807AAA1-78BE-4138-87AD-AE3FBED1B0AF}.Release|Any CPU.ActiveCfg = Release|Any CPU
		{0807AAA1-78BE-4138-87AD-AE3FBED1B0AF}.Release|Any CPU.Build.0 = Release|Any CPU
		{93A7F827-AD4B-4403-9A94-0B13DCD1379B}.Debug|Any CPU.ActiveCfg = Debug|Any CPU
		{93A7F827-AD4B-4403-9A94-0B13DCD1379B}.Debug|Any CPU.Build.0 = Debug|Any CPU
		{93A7F827-AD4B-4403-9A94-0B13DCD1379B}.Release|Any CPU.ActiveCfg = Release|Any CPU
		{93A7F827-AD4B-4403-9A94-0B13DCD1379B}.Release|Any CPU.Build.0 = Release|Any CPU
		{83CBA4DD-0810-4A7F-B496-BC23F1F0A96E}.Debug|Any CPU.ActiveCfg = Debug|Any CPU
		{83CBA4DD-0810-4A7F-B496-BC23F1F0A96E}.Debug|Any CPU.Build.0 = Debug|Any CPU
		{83CBA4DD-0810-4A7F-B496-BC23F1F0A96E}.Release|Any CPU.ActiveCfg = Release|Any CPU
		{83CBA4DD-0810-4A7F-B496-BC23F1F0A96E}.Release|Any CPU.Build.0 = Release|Any CPU
		{F58F12D6-A604-46AB-8926-C4C03FDD80D5}.Debug|Any CPU.ActiveCfg = Debug|Any CPU
		{F58F12D6-A604-46AB-8926-C4C03FDD80D5}.Debug|Any CPU.Build.0 = Debug|Any CPU
		{F58F12D6-A604-46AB-8926-C4C03FDD80D5}.Release|Any CPU.ActiveCfg = Release|Any CPU
		{F58F12D6-A604-46AB-8926-C4C03FDD80D5}.Release|Any CPU.Build.0 = Release|Any CPU
		{56504CC6-94A4-4C03-BC57-5A7044EBB32E}.Debug|Any CPU.ActiveCfg = Debug|Any CPU
		{56504CC6-94A4-4C03-BC57-5A7044EBB32E}.Debug|Any CPU.Build.0 = Debug|Any CPU
		{56504CC6-94A4-4C03-BC57-5A7044EBB32E}.Release|Any CPU.ActiveCfg = Release|Any CPU
		{56504CC6-94A4-4C03-BC57-5A7044EBB32E}.Release|Any CPU.Build.0 = Release|Any CPU
		{A83BC6A9-F523-4E8F-80F0-E847975768D8}.Debug|Any CPU.ActiveCfg = Debug|Any CPU
		{A83BC6A9-F523-4E8F-80F0-E847975768D8}.Debug|Any CPU.Build.0 = Debug|Any CPU
		{A83BC6A9-F523-4E8F-80F0-E847975768D8}.Release|Any CPU.ActiveCfg = Release|Any CPU
		{A83BC6A9-F523-4E8F-80F0-E847975768D8}.Release|Any CPU.Build.0 = Release|Any CPU
		{E1FAA52E-C069-4975-A284-BA5B880B3C75}.Debug|Any CPU.ActiveCfg = Debug|Any CPU
		{E1FAA52E-C069-4975-A284-BA5B880B3C75}.Debug|Any CPU.Build.0 = Debug|Any CPU
		{E1FAA52E-C069-4975-A284-BA5B880B3C75}.Release|Any CPU.ActiveCfg = Release|Any CPU
		{E1FAA52E-C069-4975-A284-BA5B880B3C75}.Release|Any CPU.Build.0 = Release|Any CPU
		{EFA1D350-0AB6-438F-BD10-C804D1642A1E}.Debug|Any CPU.ActiveCfg = Debug|Any CPU
		{EFA1D350-0AB6-438F-BD10-C804D1642A1E}.Debug|Any CPU.Build.0 = Debug|Any CPU
		{EFA1D350-0AB6-438F-BD10-C804D1642A1E}.Release|Any CPU.ActiveCfg = Release|Any CPU
		{EFA1D350-0AB6-438F-BD10-C804D1642A1E}.Release|Any CPU.Build.0 = Release|Any CPU
		{5D40BB34-50B9-49BA-AD14-90C7624886B3}.Debug|Any CPU.ActiveCfg = Debug|Any CPU
		{5D40BB34-50B9-49BA-AD14-90C7624886B3}.Debug|Any CPU.Build.0 = Debug|Any CPU
		{5D40BB34-50B9-49BA-AD14-90C7624886B3}.Release|Any CPU.ActiveCfg = Release|Any CPU
		{5D40BB34-50B9-49BA-AD14-90C7624886B3}.Release|Any CPU.Build.0 = Release|Any CPU
		{910DB7D7-1BBB-43C3-899F-DA937FCC2662}.Debug|Any CPU.ActiveCfg = Debug|Any CPU
		{910DB7D7-1BBB-43C3-899F-DA937FCC2662}.Debug|Any CPU.Build.0 = Debug|Any CPU
		{910DB7D7-1BBB-43C3-899F-DA937FCC2662}.Release|Any CPU.ActiveCfg = Release|Any CPU
		{910DB7D7-1BBB-43C3-899F-DA937FCC2662}.Release|Any CPU.Build.0 = Release|Any CPU
		{BE4F42CD-BD43-4085-9E84-5DF0D4FB5527}.Debug|Any CPU.ActiveCfg = Debug|Any CPU
		{BE4F42CD-BD43-4085-9E84-5DF0D4FB5527}.Debug|Any CPU.Build.0 = Debug|Any CPU
		{BE4F42CD-BD43-4085-9E84-5DF0D4FB5527}.Release|Any CPU.ActiveCfg = Release|Any CPU
		{BE4F42CD-BD43-4085-9E84-5DF0D4FB5527}.Release|Any CPU.Build.0 = Release|Any CPU
		{324817CE-4ECD-4D9E-88B4-343FF6003233}.Debug|Any CPU.ActiveCfg = Debug|Any CPU
		{324817CE-4ECD-4D9E-88B4-343FF6003233}.Debug|Any CPU.Build.0 = Debug|Any CPU
		{324817CE-4ECD-4D9E-88B4-343FF6003233}.Release|Any CPU.ActiveCfg = Release|Any CPU
		{324817CE-4ECD-4D9E-88B4-343FF6003233}.Release|Any CPU.Build.0 = Release|Any CPU
		{8056ABC0-47D1-4D6A-B031-A57B87CF4D32}.Debug|Any CPU.ActiveCfg = Debug|Any CPU
		{8056ABC0-47D1-4D6A-B031-A57B87CF4D32}.Debug|Any CPU.Build.0 = Debug|Any CPU
		{8056ABC0-47D1-4D6A-B031-A57B87CF4D32}.Release|Any CPU.ActiveCfg = Release|Any CPU
		{8056ABC0-47D1-4D6A-B031-A57B87CF4D32}.Release|Any CPU.Build.0 = Release|Any CPU
		{1B56771B-F601-49A2-B1CF-677F186FEC7C}.Debug|Any CPU.ActiveCfg = Debug|Any CPU
		{1B56771B-F601-49A2-B1CF-677F186FEC7C}.Debug|Any CPU.Build.0 = Debug|Any CPU
		{1B56771B-F601-49A2-B1CF-677F186FEC7C}.Release|Any CPU.ActiveCfg = Release|Any CPU
		{1B56771B-F601-49A2-B1CF-677F186FEC7C}.Release|Any CPU.Build.0 = Release|Any CPU
		{9DE3650E-541B-4D87-AC4D-B5DB86843ABD}.Debug|Any CPU.ActiveCfg = Debug|Any CPU
		{9DE3650E-541B-4D87-AC4D-B5DB86843ABD}.Debug|Any CPU.Build.0 = Debug|Any CPU
		{9DE3650E-541B-4D87-AC4D-B5DB86843ABD}.Release|Any CPU.ActiveCfg = Release|Any CPU
		{9DE3650E-541B-4D87-AC4D-B5DB86843ABD}.Release|Any CPU.Build.0 = Release|Any CPU
		{B9C44B75-EFBE-4A31-9804-DBF304072226}.Debug|Any CPU.ActiveCfg = Debug|Any CPU
		{B9C44B75-EFBE-4A31-9804-DBF304072226}.Debug|Any CPU.Build.0 = Debug|Any CPU
		{B9C44B75-EFBE-4A31-9804-DBF304072226}.Release|Any CPU.ActiveCfg = Release|Any CPU
		{B9C44B75-EFBE-4A31-9804-DBF304072226}.Release|Any CPU.Build.0 = Release|Any CPU
		{A7E00C6D-A538-488C-BBDC-3841936742E5}.Debug|Any CPU.ActiveCfg = Debug|Any CPU
		{A7E00C6D-A538-488C-BBDC-3841936742E5}.Debug|Any CPU.Build.0 = Debug|Any CPU
		{A7E00C6D-A538-488C-BBDC-3841936742E5}.Release|Any CPU.ActiveCfg = Release|Any CPU
		{A7E00C6D-A538-488C-BBDC-3841936742E5}.Release|Any CPU.Build.0 = Release|Any CPU
		{D58E568C-585A-4918-A6F0-9EEB9C1162C7}.Debug|Any CPU.ActiveCfg = Debug|Any CPU
		{D58E568C-585A-4918-A6F0-9EEB9C1162C7}.Debug|Any CPU.Build.0 = Debug|Any CPU
		{D58E568C-585A-4918-A6F0-9EEB9C1162C7}.Release|Any CPU.ActiveCfg = Release|Any CPU
		{D58E568C-585A-4918-A6F0-9EEB9C1162C7}.Release|Any CPU.Build.0 = Release|Any CPU
		{D7B04F5F-1903-4B7E-A0E7-C8F686573997}.Debug|Any CPU.ActiveCfg = Debug|Any CPU
		{D7B04F5F-1903-4B7E-A0E7-C8F686573997}.Debug|Any CPU.Build.0 = Debug|Any CPU
		{D7B04F5F-1903-4B7E-A0E7-C8F686573997}.Release|Any CPU.ActiveCfg = Release|Any CPU
		{D7B04F5F-1903-4B7E-A0E7-C8F686573997}.Release|Any CPU.Build.0 = Release|Any CPU
		{A56A6633-3D7A-4BB2-8E0D-D981445D54CC}.Debug|Any CPU.ActiveCfg = Debug|Any CPU
		{A56A6633-3D7A-4BB2-8E0D-D981445D54CC}.Debug|Any CPU.Build.0 = Debug|Any CPU
		{A56A6633-3D7A-4BB2-8E0D-D981445D54CC}.Release|Any CPU.ActiveCfg = Release|Any CPU
		{A56A6633-3D7A-4BB2-8E0D-D981445D54CC}.Release|Any CPU.Build.0 = Release|Any CPU
		{7E1CB7D9-F644-4706-87DE-7A43A0B33C0E}.Debug|Any CPU.ActiveCfg = Debug|Any CPU
		{7E1CB7D9-F644-4706-87DE-7A43A0B33C0E}.Debug|Any CPU.Build.0 = Debug|Any CPU
		{7E1CB7D9-F644-4706-87DE-7A43A0B33C0E}.Release|Any CPU.ActiveCfg = Release|Any CPU
		{7E1CB7D9-F644-4706-87DE-7A43A0B33C0E}.Release|Any CPU.Build.0 = Release|Any CPU
		{649E75BC-3C73-44A6-9E10-827E3D843E82}.Debug|Any CPU.ActiveCfg = Debug|Any CPU
		{649E75BC-3C73-44A6-9E10-827E3D843E82}.Debug|Any CPU.Build.0 = Debug|Any CPU
		{649E75BC-3C73-44A6-9E10-827E3D843E82}.Release|Any CPU.ActiveCfg = Release|Any CPU
		{649E75BC-3C73-44A6-9E10-827E3D843E82}.Release|Any CPU.Build.0 = Release|Any CPU
		{187E8528-9F4B-40FF-BC80-3FDD4C9C48DE}.Debug|Any CPU.ActiveCfg = Debug|Any CPU
		{187E8528-9F4B-40FF-BC80-3FDD4C9C48DE}.Debug|Any CPU.Build.0 = Debug|Any CPU
		{187E8528-9F4B-40FF-BC80-3FDD4C9C48DE}.Release|Any CPU.ActiveCfg = Release|Any CPU
		{187E8528-9F4B-40FF-BC80-3FDD4C9C48DE}.Release|Any CPU.Build.0 = Release|Any CPU
		{6AA75382-3C86-43F6-913F-5A6EBD5D7446}.Debug|Any CPU.ActiveCfg = Debug|Any CPU
		{6AA75382-3C86-43F6-913F-5A6EBD5D7446}.Debug|Any CPU.Build.0 = Debug|Any CPU
		{6AA75382-3C86-43F6-913F-5A6EBD5D7446}.Release|Any CPU.ActiveCfg = Release|Any CPU
		{6AA75382-3C86-43F6-913F-5A6EBD5D7446}.Release|Any CPU.Build.0 = Release|Any CPU
		{AAC8FE06-230E-4FB4-8BEA-8BA706E55B3B}.Debug|Any CPU.ActiveCfg = Debug|Any CPU
		{AAC8FE06-230E-4FB4-8BEA-8BA706E55B3B}.Debug|Any CPU.Build.0 = Debug|Any CPU
		{AAC8FE06-230E-4FB4-8BEA-8BA706E55B3B}.Release|Any CPU.ActiveCfg = Release|Any CPU
		{AAC8FE06-230E-4FB4-8BEA-8BA706E55B3B}.Release|Any CPU.Build.0 = Release|Any CPU
		{03B06198-50C7-40D4-90B3-4DD79776AA9D}.Debug|Any CPU.ActiveCfg = Debug|Any CPU
		{03B06198-50C7-40D4-90B3-4DD79776AA9D}.Debug|Any CPU.Build.0 = Debug|Any CPU
		{03B06198-50C7-40D4-90B3-4DD79776AA9D}.Release|Any CPU.ActiveCfg = Release|Any CPU
		{03B06198-50C7-40D4-90B3-4DD79776AA9D}.Release|Any CPU.Build.0 = Release|Any CPU
		{4AEEEC58-58A2-4668-8835-3D963148B3F9}.Debug|Any CPU.ActiveCfg = Debug|Any CPU
		{4AEEEC58-58A2-4668-8835-3D963148B3F9}.Debug|Any CPU.Build.0 = Debug|Any CPU
		{4AEEEC58-58A2-4668-8835-3D963148B3F9}.Release|Any CPU.ActiveCfg = Release|Any CPU
		{4AEEEC58-58A2-4668-8835-3D963148B3F9}.Release|Any CPU.Build.0 = Release|Any CPU
		{1C841D56-A832-464D-BCEF-C14FB21B1A64}.Debug|Any CPU.ActiveCfg = Debug|Any CPU
		{1C841D56-A832-464D-BCEF-C14FB21B1A64}.Debug|Any CPU.Build.0 = Debug|Any CPU
		{1C841D56-A832-464D-BCEF-C14FB21B1A64}.Release|Any CPU.ActiveCfg = Release|Any CPU
		{1C841D56-A832-464D-BCEF-C14FB21B1A64}.Release|Any CPU.Build.0 = Release|Any CPU
		{AE40D58D-708C-47E6-B37E-9C16DF457DC5}.Debug|Any CPU.ActiveCfg = Debug|Any CPU
		{AE40D58D-708C-47E6-B37E-9C16DF457DC5}.Debug|Any CPU.Build.0 = Debug|Any CPU
		{AE40D58D-708C-47E6-B37E-9C16DF457DC5}.Release|Any CPU.ActiveCfg = Release|Any CPU
		{AE40D58D-708C-47E6-B37E-9C16DF457DC5}.Release|Any CPU.Build.0 = Release|Any CPU
		{90EA0618-DBF3-45F2-A6FB-D3D206F52EE6}.Debug|Any CPU.ActiveCfg = Debug|Any CPU
		{90EA0618-DBF3-45F2-A6FB-D3D206F52EE6}.Debug|Any CPU.Build.0 = Debug|Any CPU
		{90EA0618-DBF3-45F2-A6FB-D3D206F52EE6}.Release|Any CPU.ActiveCfg = Release|Any CPU
		{90EA0618-DBF3-45F2-A6FB-D3D206F52EE6}.Release|Any CPU.Build.0 = Release|Any CPU
		{82DBF9AC-AC4A-4681-8E99-24B95FFBCC0B}.Debug|Any CPU.ActiveCfg = Debug|Any CPU
		{82DBF9AC-AC4A-4681-8E99-24B95FFBCC0B}.Debug|Any CPU.Build.0 = Debug|Any CPU
		{82DBF9AC-AC4A-4681-8E99-24B95FFBCC0B}.Release|Any CPU.ActiveCfg = Release|Any CPU
		{82DBF9AC-AC4A-4681-8E99-24B95FFBCC0B}.Release|Any CPU.Build.0 = Release|Any CPU
	EndGlobalSection
	GlobalSection(SolutionProperties) = preSolution
		HideSolutionNode = FALSE
	EndGlobalSection
	GlobalSection(NestedProjects) = preSolution
		{93A7F827-AD4B-4403-9A94-0B13DCD1379B} = {EE1DB06F-4C88-42A5-AD3A-BF58D10CA0AA}
		{83CBA4DD-0810-4A7F-B496-BC23F1F0A96E} = {EE1DB06F-4C88-42A5-AD3A-BF58D10CA0AA}
		{F58F12D6-A604-46AB-8926-C4C03FDD80D5} = {EE1DB06F-4C88-42A5-AD3A-BF58D10CA0AA}
		{56504CC6-94A4-4C03-BC57-5A7044EBB32E} = {AADB702E-92FF-4A61-B7E2-BD210BE759C2}
		{A83BC6A9-F523-4E8F-80F0-E847975768D8} = {AADB702E-92FF-4A61-B7E2-BD210BE759C2}
		{E1FAA52E-C069-4975-A284-BA5B880B3C75} = {BE141C4C-92BD-4984-BC4F-244D9B500DAA}
		{EFA1D350-0AB6-438F-BD10-C804D1642A1E} = {BE141C4C-92BD-4984-BC4F-244D9B500DAA}
		{5D40BB34-50B9-49BA-AD14-90C7624886B3} = {BE141C4C-92BD-4984-BC4F-244D9B500DAA}
		{910DB7D7-1BBB-43C3-899F-DA937FCC2662} = {BE141C4C-92BD-4984-BC4F-244D9B500DAA}
		{BE4F42CD-BD43-4085-9E84-5DF0D4FB5527} = {BE141C4C-92BD-4984-BC4F-244D9B500DAA}
		{324817CE-4ECD-4D9E-88B4-343FF6003233} = {9878988E-8962-4697-ADD5-1A32B21A030E}
		{8056ABC0-47D1-4D6A-B031-A57B87CF4D32} = {9878988E-8962-4697-ADD5-1A32B21A030E}
		{1B56771B-F601-49A2-B1CF-677F186FEC7C} = {9878988E-8962-4697-ADD5-1A32B21A030E}
		{9DE3650E-541B-4D87-AC4D-B5DB86843ABD} = {9878988E-8962-4697-ADD5-1A32B21A030E}
		{B9C44B75-EFBE-4A31-9804-DBF304072226} = {9878988E-8962-4697-ADD5-1A32B21A030E}
		{A7E00C6D-A538-488C-BBDC-3841936742E5} = {10A19F0C-AE1E-4380-8F40-E1CAEAA72632}
		{D58E568C-585A-4918-A6F0-9EEB9C1162C7} = {10A19F0C-AE1E-4380-8F40-E1CAEAA72632}
		{D7B04F5F-1903-4B7E-A0E7-C8F686573997} = {B459FD88-72F9-42CD-B566-EE731D818192}
		{A56A6633-3D7A-4BB2-8E0D-D981445D54CC} = {B459FD88-72F9-42CD-B566-EE731D818192}
		{7E1CB7D9-F644-4706-87DE-7A43A0B33C0E} = {B459FD88-72F9-42CD-B566-EE731D818192}
		{649E75BC-3C73-44A6-9E10-827E3D843E82} = {B459FD88-72F9-42CD-B566-EE731D818192}
		{187E8528-9F4B-40FF-BC80-3FDD4C9C48DE} = {F4BAB8CA-6314-49FB-873A-6BA1950866B1}
		{6AA75382-3C86-43F6-913F-5A6EBD5D7446} = {F4BAB8CA-6314-49FB-873A-6BA1950866B1}
		{AAC8FE06-230E-4FB4-8BEA-8BA706E55B3B} = {F4BAB8CA-6314-49FB-873A-6BA1950866B1}
		{03B06198-50C7-40D4-90B3-4DD79776AA9D} = {F4BAB8CA-6314-49FB-873A-6BA1950866B1}
		{4AEEEC58-58A2-4668-8835-3D963148B3F9} = {F4BAB8CA-6314-49FB-873A-6BA1950866B1}
		{1C841D56-A832-464D-BCEF-C14FB21B1A64} = {F4BAB8CA-6314-49FB-873A-6BA1950866B1}
		{AE40D58D-708C-47E6-B37E-9C16DF457DC5} = {F4BAB8CA-6314-49FB-873A-6BA1950866B1}
		{90EA0618-DBF3-45F2-A6FB-D3D206F52EE6} = {F4BAB8CA-6314-49FB-873A-6BA1950866B1}
		{82DBF9AC-AC4A-4681-8E99-24B95FFBCC0B} = {F4BAB8CA-6314-49FB-873A-6BA1950866B1}
	EndGlobalSection
	GlobalSection(ExtensibilityGlobals) = postSolution
		SolutionGuid = {D5A6D1D5-B420-47C3-8AE5-48BD5897CBCC}
	EndGlobalSection
EndGlobal
